{
  "version": 4,
  "terraform_version": "1.1.9",
  "serial": 24,
  "lineage": "0054b964-d81f-9fd1-945c-6a00c2b7e950",
  "outputs": {},
  "resources": [
    {
      "mode": "managed",
      "type": "digitalocean_droplet",
      "name": "ej",
      "provider": "provider[\"registry.terraform.io/digitalocean/digitalocean\"]",
      "instances": []
    },
    {
      "mode": "managed",
      "type": "digitalocean_droplet",
      "name": "wserver",
      "provider": "provider[\"registry.terraform.io/digitalocean/digitalocean\"]",
      "instances": []
    },
    {
      "mode": "managed",
      "type": "digitalocean_vpc",
      "name": "vpct",
      "provider": "provider[\"registry.terraform.io/digitalocean/digitalocean\"]",
      "instances": [
        {
          "schema_version": 0,
          "attributes": {
            "created_at": "2022-06-03 18:33:15 +0000 UTC",
            "default": true,
            "description": "",
            "id": "ac3c958e-f966-4998-a7b0-f2234e81bccc",
            "ip_range": "192.168.1.0/24",
            "name": "vpct",
            "region": "nyc3",
            "timeouts": null,
            "urn": "do:vpc:ac3c958e-f966-4998-a7b0-f2234e81bccc"
          },
          "sensitive_attributes": [],
          "private": "eyJlMmJmYjczMC1lY2FhLTExZTYtOGY4OC0zNDM2M2JjN2M0YzAiOnsiZGVsZXRlIjoxMjAwMDAwMDAwMDB9fQ=="
        }
      ]
    }
  ]
}
